{
  "name": "get-modules-000type-000module",
  "version": "1.0.0",
  "lockfileVersion": 1,
  "requires": true,
  "dependencies": {
    "@architect/parser": {
      "version": "2.1.3",
      "resolved": "https://registry.npmjs.org/@architect/parser/-/parser-2.1.3.tgz",
      "integrity": "sha512-BfaGCQG8rys/hbMz/7rffIHwUEx0Ya03cMTFbOmrKVLHQBbHXxLWqnUqeGJmROB7TiOnypSzgwPB5LMLt7DV4w=="
    },
    "@begin/data": {
      "version": "1.2.2",
      "resolved": "https://registry.npmjs.org/@begin/data/-/data-1.2.2.tgz",
      "integrity": "sha512-5YhW49JzwIwKleLDoVesMEzTNYPxH707yUiagChgnlhaCx4ikB1OINH/v+OPbM/6bAEaxA4gMy/Gseezzt4NiA==",
      "requires": {
        "@architect/parser": "^2.0.1",
        "@begin/hashid": "^1.0.0",
        "run-parallel": "^1.1.9",
        "run-waterfall": "^1.1.6"
      }
    },
    "@begin/hashid": {
      "version": "1.0.0",
      "resolved": "https://registry.npmjs.org/@begin/hashid/-/hashid-1.0.0.tgz",
      "integrity": "sha512-w+U9klEtRkt7hyW/f+/SvwPgJ4CTMO2ENddisX9dGgLUZKu+iKpb/IhYnQWIt9/Nnm/5DkApmiHGimPs621wwA=="
    },
    "fsevents": {
      "version": "2.1.3",
      "resolved": "https://registry.npmjs.org/fsevents/-/fsevents-2.1.3.tgz",
      "integrity": "sha512-Auw9a4AxqWpa9GUfj370BMPzzyncfBABW8Mab7BGWBYDj4Isgq+cDKtx0i6u9jcX9pQDnswsaaOTgTmA5pEjuQ==",
      "optional": true
    },
    "rollup": {
      "version": "2.10.9",
      "resolved": "https://registry.npmjs.org/rollup/-/rollup-2.10.9.tgz",
      "integrity": "sha512-dY/EbjiWC17ZCUSyk14hkxATAMAShkMsD43XmZGWjLrgFj15M3Dw2kEkA9ns64BiLFm9PKN6vTQw8neHwK74eg==",
      "requires": {
        "fsevents": "~2.1.2"
      }
    },
    "run-parallel": {
      "version": "1.1.9",
      "resolved": "https://registry.npmjs.org/run-parallel/-/run-parallel-1.1.9.tgz",
      "integrity": "sha512-DEqnSRTDw/Tc3FXf49zedI638Z9onwUotBMiUFKmrO2sdFKIbXamXGQ3Axd4qgphxKB4kw/qP1w5kTxnfU1B9Q=="
    },
    "run-waterfall": {
      "version": "1.1.6",
      "resolved": "https://registry.npmjs.org/run-waterfall/-/run-waterfall-1.1.6.tgz",
      "integrity": "sha512-dApPbpIK0hbFi2zqfJxrsnfmJW2HCQHFrSsmqF3Fp9TKm5WVf++zE6BSw0hPcA7rPapO37h12Swk2E6Va3tF7Q=="
    }
  }
}
